
Microsoft Visual Studio Solution File, Format Version 12.00
# Visual Studio Version 17
VisualStudioVersion = 17.12.35707.178 d17.12
MinimumVisualStudioVersion = 10.0.40219.1
Project("{FAE04EC0-301F-11D3-BF4B-00C04F79EFBC}") = "MarkdownViewer", "MarkdownViewer\MarkdownViewer.csproj", "{DD20A540-50D9-48EF-A72B-00F7B7DB2569}"
EndProject
Global
	GlobalSection(SolutionConfigurationPlatforms) = preSolution
		Debug|Any CPU = Debug|Any CPU
		Release|Any CPU = Release|Any CPU
	EndGlobalSection
	GlobalSection(ProjectConfigurationPlatforms) = postSolution
		{DD20A540-50D9-48EF-A72B-00F7B7DB2569}.Debug|Any CPU.ActiveCfg = Debug|Any CPU
		{DD20A540-50D9-48EF-A72B-00F7B7DB2569}.Debug|Any CPU.Build.0 = Debug|Any CPU
		{DD20A540-50D9-48EF-A72B-00F7B7DB2569}.Release|Any CPU.ActiveCfg = Release|Any CPU
		{DD20A540-50D9-48EF-A72B-00F7B7DB2569}.Release|Any CPU.Build.0 = Release|Any CPU
	EndGlobalSection
	GlobalSection(SolutionProperties) = preSolution
		HideSolutionNode = FALSE
	EndGlobalSection
EndGlobal
